PODS:
  - AFNetworking (1.3.4)
  - OCHamcrest (4.0.1)
  - OCMockito (1.3.0):
    - OCHamcrest (~> 4.0)
    - TPWeakProxy (~> 1.0)
  - Sparkle (1.8.0)
  - TPWeakProxy (1.0.1)

DEPENDENCIES:
  - AFNetworking (~> 1.3.3)
  - OCHamcrest
  - OCMockito
  - Sparkle

SPEC CHECKSUMS:
  AFNetworking: 80c4e0652b08eb34e25b9c0ff3c82556fe5967b4
  OCHamcrest: b464725bbb48d0f1cd9c6f4ec3cb35fe0c4f2b94
  OCMockito: eca2670b3ce4a457d316b046a36d6f2b980a4da7
  Sparkle: 5eb20bb37ca21e471dab8417dee880198d905327
  TPWeakProxy: da4177b6ae5eff685642c1cd9698f71ef7060ea5

COCOAPODS: 0.35.0
