// !$*UTF8*$!
{
	archiveVersion = 1;
	classes = {
	};
	objectVersion = 46;
	objects = {

/* Begin PBXBuildFile section */
		1929B162C346B1EC8D11486E /* example-xml.xml in Resources */ = {isa = PBXBuildFile; fileRef = 1929B769BB583F78EBA405EE /* example-xml.xml */; };
		1929B19377F594714AEEA045 /* JMAppDelegateTest.m in Sources */ = {isa = PBXBuildFile; fileRef = 1929B754F60A01DB7BB083E4 /* JMAppDelegateTest.m */; };
		1929B29DDF5072FBFECB5004 /* ArgumentCaptor.h in CopyFiles */ = {isa = PBXBuildFile; fileRef = 1929BDCAEE67C8B37F8A3AA1 /* ArgumentCaptor.h */; };
		1929B3D6AA7395A228EAC448 /* JMJenkins.m in Sources */ = {isa = PBXBuildFile; fileRef = 1929BBC49202F6CF5B2519F6 /* JMJenkins.m */; };
		1929B56F4A7AAB5147839891 /* JMTrustedHostManager.m in Sources */ = {isa = PBXBuildFile; fileRef = 1929B886E5A3AA26C1CED2D5 /* JMTrustedHostManager.m */; };
		1929B58AD1878F0093B2FAEC /* yellow-xml.xml in Resources */ = {isa = PBXBuildFile; fileRef = 1929BA26622444D986D8974E /* yellow-xml.xml */; };
		1929B6C870C2EDB070440DF6 /* ArgumentCaptor.m in Sources */ = {isa = PBXBuildFile; fileRef = 1929B3A5FA705D57B173F8C5 /* ArgumentCaptor.m */; };
		1929B72850A4122611A12E1F /* JMJenkins.m in Sources */ = {isa = PBXBuildFile; fileRef = 1929BBC49202F6CF5B2519F6 /* JMJenkins.m */; };
		1929B855EBE595F6417A3643 /* JMKeychainManager.h in CopyFiles */ = {isa = PBXBuildFile; fileRef = 1929BE8C3290107F7DAC5621 /* JMKeychainManager.h */; };
		1929B8CB3705DDB947F6978F /* JMTrustedHostManager.m in Sources */ = {isa = PBXBuildFile; fileRef = 1929B886E5A3AA26C1CED2D5 /* JMTrustedHostManager.m */; };
		1929BA0828CBCA6F5AA6998F /* JMJenkinsJob.m in Sources */ = {isa = PBXBuildFile; fileRef = 1929B0D063F16726BCC6F088 /* JMJenkinsJob.m */; };
		1929BA1F0BE62C3759FAADEA /* unknown-xml.xml in Resources */ = {isa = PBXBuildFile; fileRef = 1929B6527C50CE6E9454717A /* unknown-xml.xml */; };
		1929BA35E728368750C70F6C /* JMKeychainManager.h in Copy Files */ = {isa = PBXBuildFile; fileRef = 1929BE8C3290107F7DAC5621 /* JMKeychainManager.h */; };
		1929BA75582CCE8616ED87F2 /* Security.framework in Frameworks */ = {isa = PBXBuildFile; fileRef = 1929B17F9334050E9C2C6355 /* Security.framework */; };
		1929BA917B9191800A1E33F1 /* JMTrustedHostManagerTest.m in Sources */ = {isa = PBXBuildFile; fileRef = 1929B114A3163CA62849DE77 /* JMTrustedHostManagerTest.m */; };
		1929BB3CE27675F11FFC02DD /* JMJenkinsJobTest.m in Sources */ = {isa = PBXBuildFile; fileRef = 1929BE6C01A781425D219178 /* JMJenkinsJobTest.m */; };
		1929BB58D89403543C61281E /* NSMenuItem+Q.h in CopyFiles */ = {isa = PBXBuildFile; fileRef = 1929B246CD7154A48C45A12D /* NSMenuItem+Q.h */; };
		1929BBC82B955C7A15C0FDF1 /* JMJenkinsJob.m in Sources */ = {isa = PBXBuildFile; fileRef = 1929B0D063F16726BCC6F088 /* JMJenkinsJob.m */; };
		1929BBFBBCA394478160A6FA /* JMKeychainManager.m in Sources */ = {isa = PBXBuildFile; fileRef = 1929B154A3D771D43E614DBE /* JMKeychainManager.m */; };
		1929BCA3CC8687CF213E5C75 /* NSMenuItem+Q.m in Sources */ = {isa = PBXBuildFile; fileRef = 1929B59E4AB1B4B011CDCBE4 /* NSMenuItem+Q.m */; };
		1929BCD0136DAF088779E9A9 /* JMJenkinsTest.m in Sources */ = {isa = PBXBuildFile; fileRef = 1929B61D8EA4DE6C65CDF82D /* JMJenkinsTest.m */; };
		1929BE593A060E712249641D /* green-xml.xml in Resources */ = {isa = PBXBuildFile; fileRef = 1929B86FB3CDB8403CE5B3AD /* green-xml.xml */; };
		1929BEDF2F02B8F93260C7FD /* JMKeychainManager.m in Sources */ = {isa = PBXBuildFile; fileRef = 1929B154A3D771D43E614DBE /* JMKeychainManager.m */; };
		1929BFBA46111F402A70C7BC /* NSMenuItem+Q.m in Sources */ = {isa = PBXBuildFile; fileRef = 1929B59E4AB1B4B011CDCBE4 /* NSMenuItem+Q.m */; };
		4B094FF4168110D900D1C02B /* OCHamcrest.framework in Frameworks */ = {isa = PBXBuildFile; fileRef = 4B094FF2168110D900D1C02B /* OCHamcrest.framework */; };
		4B094FF5168110D900D1C02B /* OCMockito.framework in Frameworks */ = {isa = PBXBuildFile; fileRef = 4B094FF3168110D900D1C02B /* OCMockito.framework */; };
		4B094FF8168110EA00D1C02B /* OCHamcrest.framework in CopyFiles */ = {isa = PBXBuildFile; fileRef = 4B094FF2168110D900D1C02B /* OCHamcrest.framework */; };
		4B094FF9168110EA00D1C02B /* OCMockito.framework in CopyFiles */ = {isa = PBXBuildFile; fileRef = 4B094FF3168110D900D1C02B /* OCMockito.framework */; };
		4B0CE8B6158DC6D0001BA10E /* Cocoa.framework in Frameworks */ = {isa = PBXBuildFile; fileRef = 4B0CE8B5158DC6D0001BA10E /* Cocoa.framework */; };
		4B0CE8C0158DC6D0001BA10E /* InfoPlist.strings in Resources */ = {isa = PBXBuildFile; fileRef = 4B0CE8BE158DC6D0001BA10E /* InfoPlist.strings */; };
		4B0CE8C2158DC6D0001BA10E /* main.m in Sources */ = {isa = PBXBuildFile; fileRef = 4B0CE8C1158DC6D0001BA10E /* main.m */; };
		4B0CE8C6158DC6D0001BA10E /* Credits.rtf in Resources */ = {isa = PBXBuildFile; fileRef = 4B0CE8C4158DC6D0001BA10E /* Credits.rtf */; };
		4B0CE8C9158DC6D0001BA10E /* JMAppDelegate.m in Sources */ = {isa = PBXBuildFile; fileRef = 4B0CE8C8158DC6D0001BA10E /* JMAppDelegate.m */; };
		4B0CE8CC158DC6D1001BA10E /* MainMenu.xib in Resources */ = {isa = PBXBuildFile; fileRef = 4B0CE8CA158DC6D1001BA10E /* MainMenu.xib */; };
		4B0CE8D4158DC6D1001BA10E /* SenTestingKit.framework in Frameworks */ = {isa = PBXBuildFile; fileRef = 4B0CE8D3158DC6D1001BA10E /* SenTestingKit.framework */; };
		4B0CE8D5158DC6D1001BA10E /* Cocoa.framework in Frameworks */ = {isa = PBXBuildFile; fileRef = 4B0CE8B5158DC6D0001BA10E /* Cocoa.framework */; };
		4B0CE8DD158DC6D1001BA10E /* InfoPlist.strings in Resources */ = {isa = PBXBuildFile; fileRef = 4B0CE8DB158DC6D1001BA10E /* InfoPlist.strings */; };
		4B0CE8E0158DC6D1001BA10E /* JMBaseTestCase.m in Sources */ = {isa = PBXBuildFile; fileRef = 4B0CE8DF158DC6D1001BA10E /* JMBaseTestCase.m */; };
		4B0CE8E8158DC6D1001BA127 /* fire.png in Resources */ = {isa = PBXBuildFile; fileRef = 4B0CE8E8158DC6D1001BA126 /* fire.png */; };
		4B0CE8E8158DC6D1001BA128 /* fire.png in Resources */ = {isa = PBXBuildFile; fileRef = 4B0CE8E8158DC6D1001BA126 /* fire.png */; };
		4B0CE8E8158DC6D1001BA12D /* thumb_up.png in Resources */ = {isa = PBXBuildFile; fileRef = 4B0CE8E8158DC6D1001BA12C /* thumb_up.png */; };
		4B0CE8E8158DC6D1001BA12E /* thumb_up.png in Resources */ = {isa = PBXBuildFile; fileRef = 4B0CE8E8158DC6D1001BA12C /* thumb_up.png */; };
		4B0CE8E8158DC6D1001BA13C /* fire@2x.png in Resources */ = {isa = PBXBuildFile; fileRef = 4B0CE8E8158DC6D1001BA13B /* fire@2x.png */; };
		4B0CE8E8158DC6D1001BA13D /* fire@2x.png in Resources */ = {isa = PBXBuildFile; fileRef = 4B0CE8E8158DC6D1001BA13B /* fire@2x.png */; };
		4B0CE8E8158DC6D1001BA142 /* thumb_up@2x.png in Resources */ = {isa = PBXBuildFile; fileRef = 4B0CE8E8158DC6D1001BA141 /* thumb_up@2x.png */; };
		4B0CE8E8158DC6D1001BA143 /* thumb_up@2x.png in Resources */ = {isa = PBXBuildFile; fileRef = 4B0CE8E8158DC6D1001BA141 /* thumb_up@2x.png */; };
		4B0CE8E8158DC6D1001BA14B /* disconnect@2x.png in Resources */ = {isa = PBXBuildFile; fileRef = 4B0CE8E8158DC6D1001BA14A /* disconnect@2x.png */; };
		4B0CE8E8158DC6D1001BA14C /* disconnect@2x.png in Resources */ = {isa = PBXBuildFile; fileRef = 4B0CE8E8158DC6D1001BA14A /* disconnect@2x.png */; };
		4B0CE8E8158DC6D1001BA14E /* disconnect.png in Resources */ = {isa = PBXBuildFile; fileRef = 4B0CE8E8158DC6D1001BA14D /* disconnect.png */; };
		4B0CE8E8158DC6D1001BA14F /* disconnect.png in Resources */ = {isa = PBXBuildFile; fileRef = 4B0CE8E8158DC6D1001BA14D /* disconnect.png */; };
		4B0CE8E8158DC6D1001BA152 /* weather_lightning.png in Resources */ = {isa = PBXBuildFile; fileRef = 4B0CE8E8158DC6D1001BA151 /* weather_lightning.png */; };
		4B0CE8E8158DC6D1001BA153 /* weather_lightning.png in Resources */ = {isa = PBXBuildFile; fileRef = 4B0CE8E8158DC6D1001BA151 /* weather_lightning.png */; };
		4B0CE8E8158DC6D1001BA155 /* weather_lightning@2x.png in Resources */ = {isa = PBXBuildFile; fileRef = 4B0CE8E8158DC6D1001BA154 /* weather_lightning@2x.png */; };
		4B0CE8E8158DC6D1001BA156 /* weather_lightning@2x.png in Resources */ = {isa = PBXBuildFile; fileRef = 4B0CE8E8158DC6D1001BA154 /* weather_lightning@2x.png */; };
		4B69520A16EC917900FB3D4D /* Growl.framework in Frameworks */ = {isa = PBXBuildFile; fileRef = BD63670D166888E1009278DB /* Growl.framework */; };
		4B69520B16EC918200FB3D4D /* Growl.framework in CopyFiles */ = {isa = PBXBuildFile; fileRef = BD63670D166888E1009278DB /* Growl.framework */; };
		4B69520C16EC91CF00FB3D4D /* JMAppDelegate.m in Sources */ = {isa = PBXBuildFile; fileRef = 4B0CE8C8158DC6D0001BA10E /* JMAppDelegate.m */; };
		BD6367041667FF74009278DB /* Jenkins Menu.iconset in Resources */ = {isa = PBXBuildFile; fileRef = BD6367031667FF74009278DB /* Jenkins Menu.iconset */; };
		BD63670816681E68009278DB /* Localizable.strings in Resources */ = {isa = PBXBuildFile; fileRef = BD63670616681E68009278DB /* Localizable.strings */; };
		BD63670A16686E42009278DB /* Growl Registration Ticket.growlRegDict in Resources */ = {isa = PBXBuildFile; fileRef = BD63670916686E42009278DB /* Growl Registration Ticket.growlRegDict */; };
		BD63670E166888E1009278DB /* Growl.framework in Frameworks */ = {isa = PBXBuildFile; fileRef = BD63670D166888E1009278DB /* Growl.framework */; };
		BD63670F1668899B009278DB /* Growl.framework in Copy Files */ = {isa = PBXBuildFile; fileRef = BD63670D166888E1009278DB /* Growl.framework */; };
/* End PBXBuildFile section */

/* Begin PBXCopyFilesBuildPhase section */
		4B094FF7168110E200D1C02B /* CopyFiles */ = {
			isa = PBXCopyFilesBuildPhase;
			buildActionMask = 2147483647;
			dstPath = "";
			dstSubfolderSpec = 16;
			files = (
				4B69520B16EC918200FB3D4D /* Growl.framework in CopyFiles */,
				4B094FF8168110EA00D1C02B /* OCHamcrest.framework in CopyFiles */,
				4B094FF9168110EA00D1C02B /* OCMockito.framework in CopyFiles */,
				1929B29DDF5072FBFECB5004 /* ArgumentCaptor.h in CopyFiles */,
				1929BB58D89403543C61281E /* NSMenuItem+Q.h in CopyFiles */,
				1929B855EBE595F6417A3643 /* JMKeychainManager.h in CopyFiles */,
			);
			runOnlyForDeploymentPostprocessing = 0;
		};
		4B42D57A15EAAA7E00F10668 /* Copy Files */ = {
			isa = PBXCopyFilesBuildPhase;
			buildActionMask = 2147483647;
			dstPath = "";
			dstSubfolderSpec = 10;
			files = (
				BD63670F1668899B009278DB /* Growl.framework in Copy Files */,
				1929BA35E728368750C70F6C /* JMKeychainManager.h in Copy Files */,
			);
			name = "Copy Files";
			runOnlyForDeploymentPostprocessing = 0;
		};
/* End PBXCopyFilesBuildPhase section */

/* Begin PBXFileReference section */
		1929B0D063F16726BCC6F088 /* JMJenkinsJob.m */ = {isa = PBXFileReference; fileEncoding = 4; lastKnownFileType = sourcecode.c.objc; path = JMJenkinsJob.m; sourceTree = "<group>"; };
		1929B114A3163CA62849DE77 /* JMTrustedHostManagerTest.m */ = {isa = PBXFileReference; fileEncoding = 4; lastKnownFileType = sourcecode.c.objc; path = JMTrustedHostManagerTest.m; sourceTree = "<group>"; };
		1929B154A3D771D43E614DBE /* JMKeychainManager.m */ = {isa = PBXFileReference; fileEncoding = 4; lastKnownFileType = sourcecode.c.objc; path = JMKeychainManager.m; sourceTree = "<group>"; };
		1929B17F9334050E9C2C6355 /* Security.framework */ = {isa = PBXFileReference; lastKnownFileType = wrapper.framework; name = Security.framework; path = System/Library/Frameworks/Security.framework; sourceTree = SDKROOT; };
		1929B246CD7154A48C45A12D /* NSMenuItem+Q.h */ = {isa = PBXFileReference; fileEncoding = 4; lastKnownFileType = sourcecode.c.h; path = "NSMenuItem+Q.h"; sourceTree = "<group>"; };
		1929B3A5FA705D57B173F8C5 /* ArgumentCaptor.m */ = {isa = PBXFileReference; fileEncoding = 4; lastKnownFileType = sourcecode.c.objc; path = ArgumentCaptor.m; sourceTree = "<group>"; };
		1929B59E4AB1B4B011CDCBE4 /* NSMenuItem+Q.m */ = {isa = PBXFileReference; fileEncoding = 4; lastKnownFileType = sourcecode.c.objc; path = "NSMenuItem+Q.m"; sourceTree = "<group>"; };
		1929B61D8EA4DE6C65CDF82D /* JMJenkinsTest.m */ = {isa = PBXFileReference; fileEncoding = 4; lastKnownFileType = sourcecode.c.objc; path = JMJenkinsTest.m; sourceTree = "<group>"; };
		1929B6527C50CE6E9454717A /* unknown-xml.xml */ = {isa = PBXFileReference; fileEncoding = 4; lastKnownFileType = text.xml; path = "unknown-xml.xml"; sourceTree = "<group>"; };
		1929B698C2B01DDB583BD61E /* JMJenkinsJob.h */ = {isa = PBXFileReference; fileEncoding = 4; lastKnownFileType = sourcecode.c.h; path = JMJenkinsJob.h; sourceTree = "<group>"; };
		1929B754F60A01DB7BB083E4 /* JMAppDelegateTest.m */ = {isa = PBXFileReference; fileEncoding = 4; lastKnownFileType = sourcecode.c.objc; path = JMAppDelegateTest.m; sourceTree = "<group>"; };
		1929B769BB583F78EBA405EE /* example-xml.xml */ = {isa = PBXFileReference; fileEncoding = 4; lastKnownFileType = text.xml; path = "example-xml.xml"; sourceTree = "<group>"; };
		1929B86FB3CDB8403CE5B3AD /* green-xml.xml */ = {isa = PBXFileReference; fileEncoding = 4; lastKnownFileType = text.xml; path = "green-xml.xml"; sourceTree = "<group>"; };
		1929B886E5A3AA26C1CED2D5 /* JMTrustedHostManager.m */ = {isa = PBXFileReference; fileEncoding = 4; lastKnownFileType = sourcecode.c.objc; path = JMTrustedHostManager.m; sourceTree = "<group>"; };
		1929B938F8E11602CE409F2C /* JMJenkins.h */ = {isa = PBXFileReference; fileEncoding = 4; lastKnownFileType = sourcecode.c.h; path = JMJenkins.h; sourceTree = "<group>"; };
		1929BA26622444D986D8974E /* yellow-xml.xml */ = {isa = PBXFileReference; fileEncoding = 4; lastKnownFileType = text.xml; path = "yellow-xml.xml"; sourceTree = "<group>"; };
		1929BB76ECB1B9BC994408FB /* JMTrustedHostManager.h */ = {isa = PBXFileReference; fileEncoding = 4; lastKnownFileType = sourcecode.c.h; path = JMTrustedHostManager.h; sourceTree = "<group>"; };
		1929BBC49202F6CF5B2519F6 /* JMJenkins.m */ = {isa = PBXFileReference; fileEncoding = 4; lastKnownFileType = sourcecode.c.objc; path = JMJenkins.m; sourceTree = "<group>"; };
		1929BC93909566015D53BC10 /* JMJenkinsDelegate.h */ = {isa = PBXFileReference; fileEncoding = 4; lastKnownFileType = sourcecode.c.h; path = JMJenkinsDelegate.h; sourceTree = "<group>"; };
		1929BDCAEE67C8B37F8A3AA1 /* ArgumentCaptor.h */ = {isa = PBXFileReference; fileEncoding = 4; lastKnownFileType = sourcecode.c.h; path = ArgumentCaptor.h; sourceTree = "<group>"; };
		1929BE6C01A781425D219178 /* JMJenkinsJobTest.m */ = {isa = PBXFileReference; fileEncoding = 4; lastKnownFileType = sourcecode.c.objc; path = JMJenkinsJobTest.m; sourceTree = "<group>"; };
		1929BE8C3290107F7DAC5621 /* JMKeychainManager.h */ = {isa = PBXFileReference; fileEncoding = 4; lastKnownFileType = sourcecode.c.h; path = JMKeychainManager.h; sourceTree = "<group>"; };
		1929BE99FF21D445B6CADD3F /* JMLog.h */ = {isa = PBXFileReference; fileEncoding = 4; lastKnownFileType = sourcecode.c.h; path = JMLog.h; sourceTree = "<group>"; };
		4B094FF2168110D900D1C02B /* OCHamcrest.framework */ = {isa = PBXFileReference; lastKnownFileType = wrapper.framework; name = OCHamcrest.framework; path = "Jenkins MenuTests/OCHamcrest.framework"; sourceTree = "<group>"; };
		4B094FF3168110D900D1C02B /* OCMockito.framework */ = {isa = PBXFileReference; lastKnownFileType = wrapper.framework; name = OCMockito.framework; path = "Jenkins MenuTests/OCMockito.framework"; sourceTree = "<group>"; };
		4B0CE8B1158DC6D0001BA10E /* Jenkins Menu.app */ = {isa = PBXFileReference; explicitFileType = wrapper.application; includeInIndex = 0; path = "Jenkins Menu.app"; sourceTree = BUILT_PRODUCTS_DIR; };
		4B0CE8B5158DC6D0001BA10E /* Cocoa.framework */ = {isa = PBXFileReference; lastKnownFileType = wrapper.framework; name = Cocoa.framework; path = System/Library/Frameworks/Cocoa.framework; sourceTree = SDKROOT; };
		4B0CE8B8158DC6D0001BA10E /* AppKit.framework */ = {isa = PBXFileReference; lastKnownFileType = wrapper.framework; name = AppKit.framework; path = System/Library/Frameworks/AppKit.framework; sourceTree = SDKROOT; };
		4B0CE8B9158DC6D0001BA10E /* CoreData.framework */ = {isa = PBXFileReference; lastKnownFileType = wrapper.framework; name = CoreData.framework; path = System/Library/Frameworks/CoreData.framework; sourceTree = SDKROOT; };
		4B0CE8BA158DC6D0001BA10E /* Foundation.framework */ = {isa = PBXFileReference; lastKnownFileType = wrapper.framework; name = Foundation.framework; path = System/Library/Frameworks/Foundation.framework; sourceTree = SDKROOT; };
		4B0CE8BD158DC6D0001BA10E /* Jenkins Menu-Info.plist */ = {isa = PBXFileReference; lastKnownFileType = text.plist.xml; path = "Jenkins Menu-Info.plist"; sourceTree = "<group>"; };
		4B0CE8BF158DC6D0001BA10E /* en */ = {isa = PBXFileReference; lastKnownFileType = text.plist.strings; name = en; path = en.lproj/InfoPlist.strings; sourceTree = "<group>"; };
		4B0CE8C1158DC6D0001BA10E /* main.m */ = {isa = PBXFileReference; lastKnownFileType = sourcecode.c.objc; path = main.m; sourceTree = "<group>"; };
		4B0CE8C3158DC6D0001BA10E /* Jenkins Menu-Prefix.pch */ = {isa = PBXFileReference; lastKnownFileType = sourcecode.c.h; path = "Jenkins Menu-Prefix.pch"; sourceTree = "<group>"; };
		4B0CE8C5158DC6D0001BA10E /* en */ = {isa = PBXFileReference; lastKnownFileType = text.rtf; name = en; path = en.lproj/Credits.rtf; sourceTree = "<group>"; };
		4B0CE8C7158DC6D0001BA10E /* JMAppDelegate.h */ = {isa = PBXFileReference; lastKnownFileType = sourcecode.c.h; path = JMAppDelegate.h; sourceTree = "<group>"; };
		4B0CE8C8158DC6D0001BA10E /* JMAppDelegate.m */ = {isa = PBXFileReference; lastKnownFileType = sourcecode.c.objc; path = JMAppDelegate.m; sourceTree = "<group>"; };
		4B0CE8CB158DC6D1001BA10E /* en */ = {isa = PBXFileReference; lastKnownFileType = file.xib; name = en; path = en.lproj/MainMenu.xib; sourceTree = "<group>"; };
		4B0CE8D2158DC6D1001BA10E /* Jenkins MenuTests.octest */ = {isa = PBXFileReference; explicitFileType = wrapper.cfbundle; includeInIndex = 0; path = "Jenkins MenuTests.octest"; sourceTree = BUILT_PRODUCTS_DIR; };
		4B0CE8D3158DC6D1001BA10E /* SenTestingKit.framework */ = {isa = PBXFileReference; lastKnownFileType = wrapper.framework; name = SenTestingKit.framework; path = Library/Frameworks/SenTestingKit.framework; sourceTree = DEVELOPER_DIR; };
		4B0CE8DA158DC6D1001BA10E /* Jenkins MenuTests-Info.plist */ = {isa = PBXFileReference; lastKnownFileType = text.plist.xml; path = "Jenkins MenuTests-Info.plist"; sourceTree = "<group>"; };
		4B0CE8DC158DC6D1001BA10E /* en */ = {isa = PBXFileReference; lastKnownFileType = text.plist.strings; name = en; path = en.lproj/InfoPlist.strings; sourceTree = "<group>"; };
		4B0CE8DE158DC6D1001BA10E /* JMBaseTestCase.h */ = {isa = PBXFileReference; lastKnownFileType = sourcecode.c.h; path = JMBaseTestCase.h; sourceTree = "<group>"; };
		4B0CE8DF158DC6D1001BA10E /* JMBaseTestCase.m */ = {isa = PBXFileReference; lastKnownFileType = sourcecode.c.objc; path = JMBaseTestCase.m; sourceTree = "<group>"; };
		4B0CE8E8158DC6D1001BA126 /* fire.png */ = {isa = PBXFileReference; lastKnownFileType = image.png; name = fire.png; path = Resources/fire.png; sourceTree = "<group>"; };
		4B0CE8E8158DC6D1001BA12C /* thumb_up.png */ = {isa = PBXFileReference; lastKnownFileType = image.png; name = thumb_up.png; path = Resources/thumb_up.png; sourceTree = "<group>"; };
		4B0CE8E8158DC6D1001BA13B /* fire@2x.png */ = {isa = PBXFileReference; lastKnownFileType = image.png; name = "fire@2x.png"; path = "Resources/fire@2x.png"; sourceTree = "<group>"; };
		4B0CE8E8158DC6D1001BA141 /* thumb_up@2x.png */ = {isa = PBXFileReference; lastKnownFileType = image.png; name = "thumb_up@2x.png"; path = "Resources/thumb_up@2x.png"; sourceTree = "<group>"; };
		4B0CE8E8158DC6D1001BA14A /* disconnect@2x.png */ = {isa = PBXFileReference; lastKnownFileType = image.png; name = "disconnect@2x.png"; path = "Resources/disconnect@2x.png"; sourceTree = "<group>"; };
		4B0CE8E8158DC6D1001BA14D /* disconnect.png */ = {isa = PBXFileReference; lastKnownFileType = image.png; name = disconnect.png; path = Resources/disconnect.png; sourceTree = "<group>"; };
		4B0CE8E8158DC6D1001BA151 /* weather_lightning.png */ = {isa = PBXFileReference; lastKnownFileType = image.png; name = weather_lightning.png; path = Resources/weather_lightning.png; sourceTree = "<group>"; };
		4B0CE8E8158DC6D1001BA154 /* weather_lightning@2x.png */ = {isa = PBXFileReference; lastKnownFileType = image.png; name = "weather_lightning@2x.png"; path = "Resources/weather_lightning@2x.png"; sourceTree = "<group>"; };
		BD6367031667FF74009278DB /* Jenkins Menu.iconset */ = {isa = PBXFileReference; lastKnownFileType = folder.iconset; path = "Jenkins Menu.iconset"; sourceTree = "<group>"; };
		BD63670716681E68009278DB /* en */ = {isa = PBXFileReference; lastKnownFileType = text.plist.strings; name = en; path = en.lproj/Localizable.strings; sourceTree = "<group>"; };
		BD63670916686E42009278DB /* Growl Registration Ticket.growlRegDict */ = {isa = PBXFileReference; explicitFileType = text.plist.xml; fileEncoding = 4; name = "Growl Registration Ticket.growlRegDict"; path = "Resources/Growl Registration Ticket.growlRegDict"; sourceTree = "<group>"; };
		BD63670D166888E1009278DB /* Growl.framework */ = {isa = PBXFileReference; lastKnownFileType = wrapper.framework; path = Growl.framework; sourceTree = "<group>"; };
/* End PBXFileReference section */

/* Begin PBXFrameworksBuildPhase section */
		4B0CE8AE158DC6D0001BA10E /* Frameworks */ = {
			isa = PBXFrameworksBuildPhase;
			buildActionMask = 2147483647;
			files = (
				BD63670E166888E1009278DB /* Growl.framework in Frameworks */,
				4B0CE8B6158DC6D0001BA10E /* Cocoa.framework in Frameworks */,
				1929BA75582CCE8616ED87F2 /* Security.framework in Frameworks */,
			);
			runOnlyForDeploymentPostprocessing = 0;
		};
		4B0CE8CE158DC6D1001BA10E /* Frameworks */ = {
			isa = PBXFrameworksBuildPhase;
			buildActionMask = 2147483647;
			files = (
				4B69520A16EC917900FB3D4D /* Growl.framework in Frameworks */,
				4B0CE8D4158DC6D1001BA10E /* SenTestingKit.framework in Frameworks */,
				4B0CE8D5158DC6D1001BA10E /* Cocoa.framework in Frameworks */,
				4B094FF4168110D900D1C02B /* OCHamcrest.framework in Frameworks */,
				4B094FF5168110D900D1C02B /* OCMockito.framework in Frameworks */,
			);
			runOnlyForDeploymentPostprocessing = 0;
		};
/* End PBXFrameworksBuildPhase section */

/* Begin PBXGroup section */
		1929B02AADFA7B46ACC3C847 /* Resources */ = {
			isa = PBXGroup;
			children = (
				1929B769BB583F78EBA405EE /* example-xml.xml */,
				1929BA26622444D986D8974E /* yellow-xml.xml */,
				1929B86FB3CDB8403CE5B3AD /* green-xml.xml */,
				1929B6527C50CE6E9454717A /* unknown-xml.xml */,
			);
			path = Resources;
			sourceTree = "<group>";
		};
		4B0CE8A6158DC6D0001BA10E = {
			isa = PBXGroup;
			children = (
				BD6367031667FF74009278DB /* Jenkins Menu.iconset */,
				4B0CE8BB158DC6D0001BA10E /* Jenkins Menu */,
				4B0CE8D8158DC6D1001BA10E /* Jenkins MenuTests */,
				4B0CE8B4158DC6D0001BA10E /* Frameworks */,
				4B0CE8B2158DC6D0001BA10E /* Products */,
			);
			sourceTree = "<group>";
		};
		4B0CE8B2158DC6D0001BA10E /* Products */ = {
			isa = PBXGroup;
			children = (
				4B0CE8B1158DC6D0001BA10E /* Jenkins Menu.app */,
				4B0CE8D2158DC6D1001BA10E /* Jenkins MenuTests.octest */,
			);
			name = Products;
			sourceTree = "<group>";
		};
		4B0CE8B4158DC6D0001BA10E /* Frameworks */ = {
			isa = PBXGroup;
			children = (
				4B094FF2168110D900D1C02B /* OCHamcrest.framework */,
				4B094FF3168110D900D1C02B /* OCMockito.framework */,
				BD63670D166888E1009278DB /* Growl.framework */,
				4B0CE8B5158DC6D0001BA10E /* Cocoa.framework */,
				4B0CE8D3158DC6D1001BA10E /* SenTestingKit.framework */,
				4B0CE8B7158DC6D0001BA10E /* Other Frameworks */,
				1929B17F9334050E9C2C6355 /* Security.framework */,
			);
			name = Frameworks;
			sourceTree = "<group>";
		};
		4B0CE8B7158DC6D0001BA10E /* Other Frameworks */ = {
			isa = PBXGroup;
			children = (
				4B0CE8B8158DC6D0001BA10E /* AppKit.framework */,
				4B0CE8B9158DC6D0001BA10E /* CoreData.framework */,
				4B0CE8BA158DC6D0001BA10E /* Foundation.framework */,
			);
			name = "Other Frameworks";
			sourceTree = "<group>";
		};
		4B0CE8BB158DC6D0001BA10E /* Jenkins Menu */ = {
			isa = PBXGroup;
			children = (
				4B0CE8C7158DC6D0001BA10E /* JMAppDelegate.h */,
				4B0CE8C8158DC6D0001BA10E /* JMAppDelegate.m */,
				4B0CE8CA158DC6D1001BA10E /* MainMenu.xib */,
				4B0CE8BC158DC6D0001BA10E /* Supporting Files */,
				4B0CE8E8158DC6D1001BA10F /* Resources */,
				1929BBC49202F6CF5B2519F6 /* JMJenkins.m */,
				1929B938F8E11602CE409F2C /* JMJenkins.h */,
				1929B0D063F16726BCC6F088 /* JMJenkinsJob.m */,
				1929B698C2B01DDB583BD61E /* JMJenkinsJob.h */,
				1929BC93909566015D53BC10 /* JMJenkinsDelegate.h */,
				1929B886E5A3AA26C1CED2D5 /* JMTrustedHostManager.m */,
				1929BB76ECB1B9BC994408FB /* JMTrustedHostManager.h */,
				1929BE99FF21D445B6CADD3F /* JMLog.h */,
				1929B246CD7154A48C45A12D /* NSMenuItem+Q.h */,
				1929B59E4AB1B4B011CDCBE4 /* NSMenuItem+Q.m */,
				1929B154A3D771D43E614DBE /* JMKeychainManager.m */,
				1929BE8C3290107F7DAC5621 /* JMKeychainManager.h */,
			);
			path = "Jenkins Menu";
			sourceTree = "<group>";
		};
		4B0CE8BC158DC6D0001BA10E /* Supporting Files */ = {
			isa = PBXGroup;
			children = (
				BD63670616681E68009278DB /* Localizable.strings */,
				4B0CE8BD158DC6D0001BA10E /* Jenkins Menu-Info.plist */,
				4B0CE8BE158DC6D0001BA10E /* InfoPlist.strings */,
				4B0CE8C1158DC6D0001BA10E /* main.m */,
				4B0CE8C3158DC6D0001BA10E /* Jenkins Menu-Prefix.pch */,
				4B0CE8C4158DC6D0001BA10E /* Credits.rtf */,
			);
			name = "Supporting Files";
			sourceTree = "<group>";
		};
		4B0CE8D8158DC6D1001BA10E /* Jenkins MenuTests */ = {
			isa = PBXGroup;
			children = (
				4B0CE8DE158DC6D1001BA10E /* JMBaseTestCase.h */,
				4B0CE8DF158DC6D1001BA10E /* JMBaseTestCase.m */,
				4B0CE8D9158DC6D1001BA10E /* Supporting Files */,
				1929B61D8EA4DE6C65CDF82D /* JMJenkinsTest.m */,
				1929B02AADFA7B46ACC3C847 /* Resources */,
				1929BE6C01A781425D219178 /* JMJenkinsJobTest.m */,
				1929B754F60A01DB7BB083E4 /* JMAppDelegateTest.m */,
				1929B3A5FA705D57B173F8C5 /* ArgumentCaptor.m */,
				1929BDCAEE67C8B37F8A3AA1 /* ArgumentCaptor.h */,
				1929B114A3163CA62849DE77 /* JMTrustedHostManagerTest.m */,
			);
			path = "Jenkins MenuTests";
			sourceTree = "<group>";
		};
		4B0CE8D9158DC6D1001BA10E /* Supporting Files */ = {
			isa = PBXGroup;
			children = (
				4B0CE8DA158DC6D1001BA10E /* Jenkins MenuTests-Info.plist */,
				4B0CE8DB158DC6D1001BA10E /* InfoPlist.strings */,
			);
			name = "Supporting Files";
			sourceTree = "<group>";
		};
		4B0CE8E8158DC6D1001BA10F /* Resources */ = {
			isa = PBXGroup;
			children = (
				4B0CE8E8158DC6D1001BA110 /* 16 */,
				4B0CE8E8158DC6D1001BA11F /* 32 */,
				BD63670916686E42009278DB /* Growl Registration Ticket.growlRegDict */,
			);
			name = Resources;
			sourceTree = "<group>";
		};
		4B0CE8E8158DC6D1001BA110 /* 16 */ = {
			isa = PBXGroup;
			children = (
				4B0CE8E8158DC6D1001BA151 /* weather_lightning.png */,
				4B0CE8E8158DC6D1001BA14D /* disconnect.png */,
				4B0CE8E8158DC6D1001BA12C /* thumb_up.png */,
				4B0CE8E8158DC6D1001BA126 /* fire.png */,
			);
			name = 16;
			sourceTree = "<group>";
		};
		4B0CE8E8158DC6D1001BA11F /* 32 */ = {
			isa = PBXGroup;
			children = (
				4B0CE8E8158DC6D1001BA154 /* weather_lightning@2x.png */,
				4B0CE8E8158DC6D1001BA14A /* disconnect@2x.png */,
				4B0CE8E8158DC6D1001BA141 /* thumb_up@2x.png */,
				4B0CE8E8158DC6D1001BA13B /* fire@2x.png */,
			);
			name = 32;
			sourceTree = "<group>";
		};
/* End PBXGroup section */

/* Begin PBXNativeTarget section */
		4B0CE8B0158DC6D0001BA10E /* Jenkins Menu */ = {
			isa = PBXNativeTarget;
			buildConfigurationList = 4B0CE8E3158DC6D1001BA10E /* Build configuration list for PBXNativeTarget "Jenkins Menu" */;
			buildPhases = (
				4B0CE8AD158DC6D0001BA10E /* Sources */,
				4B0CE8AE158DC6D0001BA10E /* Frameworks */,
				4B0CE8AF158DC6D0001BA10E /* Resources */,
				4B42D57A15EAAA7E00F10668 /* Copy Files */,
			);
			buildRules = (
			);
			dependencies = (
			);
			name = "Jenkins Menu";
			productName = "Jenkins Menu";
			productReference = 4B0CE8B1158DC6D0001BA10E /* Jenkins Menu.app */;
			productType = "com.apple.product-type.application";
		};
		4B0CE8D1158DC6D1001BA10E /* Jenkins MenuTests */ = {
			isa = PBXNativeTarget;
			buildConfigurationList = 4B0CE8E6158DC6D1001BA10E /* Build configuration list for PBXNativeTarget "Jenkins MenuTests" */;
			buildPhases = (
				4B0CE8CD158DC6D1001BA10E /* Sources */,
				4B0CE8CE158DC6D1001BA10E /* Frameworks */,
				4B0CE8CF158DC6D1001BA10E /* Resources */,
				4B094FF7168110E200D1C02B /* CopyFiles */,
				4B0CE8D0158DC6D1001BA10E /* ShellScript */,
			);
			buildRules = (
			);
			dependencies = (
			);
			name = "Jenkins MenuTests";
			productName = "Jenkins MenuTests";
			productReference = 4B0CE8D2158DC6D1001BA10E /* Jenkins MenuTests.octest */;
			productType = "com.apple.product-type.bundle";
		};
/* End PBXNativeTarget section */

/* Begin PBXProject section */
		4B0CE8A8158DC6D0001BA10E /* Project object */ = {
			isa = PBXProject;
			attributes = {
				CLASSPREFIX = JM;
				LastUpgradeCheck = 0430;
			};
			buildConfigurationList = 4B0CE8AB158DC6D0001BA10E /* Build configuration list for PBXProject "Jenkins Menu" */;
			compatibilityVersion = "Xcode 3.2";
			developmentRegion = English;
			hasScannedForEncodings = 0;
			knownRegions = (
				en,
			);
			mainGroup = 4B0CE8A6158DC6D0001BA10E;
			productRefGroup = 4B0CE8B2158DC6D0001BA10E /* Products */;
			projectDirPath = "";
			projectRoot = "";
			targets = (
				4B0CE8B0158DC6D0001BA10E /* Jenkins Menu */,
				4B0CE8D1158DC6D1001BA10E /* Jenkins MenuTests */,
			);
		};
/* End PBXProject section */

/* Begin PBXResourcesBuildPhase section */
		4B0CE8AF158DC6D0001BA10E /* Resources */ = {
			isa = PBXResourcesBuildPhase;
			buildActionMask = 2147483647;
			files = (
				4B0CE8C0158DC6D0001BA10E /* InfoPlist.strings in Resources */,
				4B0CE8C6158DC6D0001BA10E /* Credits.rtf in Resources */,
				4B0CE8CC158DC6D1001BA10E /* MainMenu.xib in Resources */,
				4B0CE8E8158DC6D1001BA127 /* fire.png in Resources */,
				4B0CE8E8158DC6D1001BA12D /* thumb_up.png in Resources */,
				4B0CE8E8158DC6D1001BA13C /* fire@2x.png in Resources */,
				4B0CE8E8158DC6D1001BA142 /* thumb_up@2x.png in Resources */,
				4B0CE8E8158DC6D1001BA14B /* disconnect@2x.png in Resources */,
				4B0CE8E8158DC6D1001BA14E /* disconnect.png in Resources */,
				4B0CE8E8158DC6D1001BA152 /* weather_lightning.png in Resources */,
				4B0CE8E8158DC6D1001BA155 /* weather_lightning@2x.png in Resources */,
				BD6367041667FF74009278DB /* Jenkins Menu.iconset in Resources */,
				BD63670816681E68009278DB /* Localizable.strings in Resources */,
				BD63670A16686E42009278DB /* Growl Registration Ticket.growlRegDict in Resources */,
			);
			runOnlyForDeploymentPostprocessing = 0;
		};
		4B0CE8CF158DC6D1001BA10E /* Resources */ = {
			isa = PBXResourcesBuildPhase;
			buildActionMask = 2147483647;
			files = (
				4B0CE8DD158DC6D1001BA10E /* InfoPlist.strings in Resources */,
				4B0CE8E8158DC6D1001BA128 /* fire.png in Resources */,
				4B0CE8E8158DC6D1001BA12E /* thumb_up.png in Resources */,
				4B0CE8E8158DC6D1001BA13D /* fire@2x.png in Resources */,
				4B0CE8E8158DC6D1001BA143 /* thumb_up@2x.png in Resources */,
				4B0CE8E8158DC6D1001BA14C /* disconnect@2x.png in Resources */,
				4B0CE8E8158DC6D1001BA14F /* disconnect.png in Resources */,
				4B0CE8E8158DC6D1001BA153 /* weather_lightning.png in Resources */,
				4B0CE8E8158DC6D1001BA156 /* weather_lightning@2x.png in Resources */,
				1929B162C346B1EC8D11486E /* example-xml.xml in Resources */,
				1929B58AD1878F0093B2FAEC /* yellow-xml.xml in Resources */,
				1929BE593A060E712249641D /* green-xml.xml in Resources */,
				1929BA1F0BE62C3759FAADEA /* unknown-xml.xml in Resources */,
			);
			runOnlyForDeploymentPostprocessing = 0;
		};
/* End PBXResourcesBuildPhase section */

/* Begin PBXShellScriptBuildPhase section */
		4B0CE8D0158DC6D1001BA10E /* ShellScript */ = {
			isa = PBXShellScriptBuildPhase;
			buildActionMask = 2147483647;
			files = (
			);
			inputPaths = (
			);
			outputPaths = (
			);
			runOnlyForDeploymentPostprocessing = 0;
			shellPath = /bin/sh;
			shellScript = "# Run the unit tests in this test bundle.\n\"${SYSTEM_DEVELOPER_DIR}/Tools/RunUnitTests\"\n";
		};
/* End PBXShellScriptBuildPhase section */

/* Begin PBXSourcesBuildPhase section */
		4B0CE8AD158DC6D0001BA10E /* Sources */ = {
			isa = PBXSourcesBuildPhase;
			buildActionMask = 2147483647;
			files = (
				4B0CE8C2158DC6D0001BA10E /* main.m in Sources */,
				4B0CE8C9158DC6D0001BA10E /* JMAppDelegate.m in Sources */,
				1929B72850A4122611A12E1F /* JMJenkins.m in Sources */,
				1929BBC82B955C7A15C0FDF1 /* JMJenkinsJob.m in Sources */,
				1929B8CB3705DDB947F6978F /* JMTrustedHostManager.m in Sources */,
				1929BFBA46111F402A70C7BC /* NSMenuItem+Q.m in Sources */,
				1929BBFBBCA394478160A6FA /* JMKeychainManager.m in Sources */,
			);
			runOnlyForDeploymentPostprocessing = 0;
		};
		4B0CE8CD158DC6D1001BA10E /* Sources */ = {
			isa = PBXSourcesBuildPhase;
			buildActionMask = 2147483647;
			files = (
				4B69520C16EC91CF00FB3D4D /* JMAppDelegate.m in Sources */,
				4B0CE8E0158DC6D1001BA10E /* JMBaseTestCase.m in Sources */,
				1929B3D6AA7395A228EAC448 /* JMJenkins.m in Sources */,
				1929BCD0136DAF088779E9A9 /* JMJenkinsTest.m in Sources */,
				1929BA0828CBCA6F5AA6998F /* JMJenkinsJob.m in Sources */,
				1929BB3CE27675F11FFC02DD /* JMJenkinsJobTest.m in Sources */,
				1929B56F4A7AAB5147839891 /* JMTrustedHostManager.m in Sources */,
				1929B19377F594714AEEA045 /* JMAppDelegateTest.m in Sources */,
				1929B6C870C2EDB070440DF6 /* ArgumentCaptor.m in Sources */,
				1929BA917B9191800A1E33F1 /* JMTrustedHostManagerTest.m in Sources */,
				1929BCA3CC8687CF213E5C75 /* NSMenuItem+Q.m in Sources */,
				1929BEDF2F02B8F93260C7FD /* JMKeychainManager.m in Sources */,
			);
			runOnlyForDeploymentPostprocessing = 0;
		};
/* End PBXSourcesBuildPhase section */

/* Begin PBXVariantGroup section */
		4B0CE8BE158DC6D0001BA10E /* InfoPlist.strings */ = {
			isa = PBXVariantGroup;
			children = (
				4B0CE8BF158DC6D0001BA10E /* en */,
			);
			name = InfoPlist.strings;
			sourceTree = "<group>";
		};
		4B0CE8C4158DC6D0001BA10E /* Credits.rtf */ = {
			isa = PBXVariantGroup;
			children = (
				4B0CE8C5158DC6D0001BA10E /* en */,
			);
			name = Credits.rtf;
			sourceTree = "<group>";
		};
		4B0CE8CA158DC6D1001BA10E /* MainMenu.xib */ = {
			isa = PBXVariantGroup;
			children = (
				4B0CE8CB158DC6D1001BA10E /* en */,
			);
			name = MainMenu.xib;
			sourceTree = "<group>";
		};
		4B0CE8DB158DC6D1001BA10E /* InfoPlist.strings */ = {
			isa = PBXVariantGroup;
			children = (
				4B0CE8DC158DC6D1001BA10E /* en */,
			);
			name = InfoPlist.strings;
			sourceTree = "<group>";
		};
		BD63670616681E68009278DB /* Localizable.strings */ = {
			isa = PBXVariantGroup;
			children = (
				BD63670716681E68009278DB /* en */,
			);
			name = Localizable.strings;
			sourceTree = "<group>";
		};
/* End PBXVariantGroup section */

/* Begin XCBuildConfiguration section */
		4B0CE8E1158DC6D1001BA10E /* Debug */ = {
			isa = XCBuildConfiguration;
			buildSettings = {
				ARCHS = "$(ARCHS_STANDARD_64_BIT)";
				CLANG_ENABLE_OBJC_ARC = YES;
				COPY_PHASE_STRIP = NO;
				GCC_C_LANGUAGE_STANDARD = gnu99;
				GCC_DYNAMIC_NO_PIC = NO;
				GCC_ENABLE_OBJC_EXCEPTIONS = YES;
				GCC_OPTIMIZATION_LEVEL = 0;
				GCC_PREPROCESSOR_DEFINITIONS = (
					"DEBUG=1",
					"$(inherited)",
				);
				GCC_SYMBOLS_PRIVATE_EXTERN = NO;
				GCC_WARN_64_TO_32_BIT_CONVERSION = YES;
				GCC_WARN_ABOUT_RETURN_TYPE = YES;
				GCC_WARN_UNINITIALIZED_AUTOS = YES;
				GCC_WARN_UNUSED_VARIABLE = YES;
				ONLY_ACTIVE_ARCH = YES;
				SDKROOT = macosx10.8;
				VALID_ARCHS = x86_64;
			};
			name = Debug;
		};
		4B0CE8E2158DC6D1001BA10E /* Release */ = {
			isa = XCBuildConfiguration;
			buildSettings = {
				ARCHS = "$(ARCHS_STANDARD_64_BIT)";
				CLANG_ENABLE_OBJC_ARC = YES;
				COPY_PHASE_STRIP = YES;
				DEBUG_INFORMATION_FORMAT = "dwarf-with-dsym";
				GCC_C_LANGUAGE_STANDARD = gnu99;
				GCC_ENABLE_OBJC_EXCEPTIONS = YES;
				GCC_WARN_64_TO_32_BIT_CONVERSION = YES;
				GCC_WARN_ABOUT_RETURN_TYPE = YES;
				GCC_WARN_UNINITIALIZED_AUTOS = YES;
				GCC_WARN_UNUSED_VARIABLE = YES;
				SDKROOT = macosx10.8;
				VALID_ARCHS = x86_64;
			};
			name = Release;
		};
		4B0CE8E4158DC6D1001BA10E /* Debug */ = {
			isa = XCBuildConfiguration;
			buildSettings = {
				FRAMEWORK_SEARCH_PATHS = (
					"$(inherited)",
					"\"$(SRCROOT)\"",
				);
				GCC_PRECOMPILE_PREFIX_HEADER = YES;
				GCC_PREFIX_HEADER = "Jenkins Menu/Jenkins Menu-Prefix.pch";
				INFOPLIST_FILE = "Jenkins Menu/Jenkins Menu-Info.plist";
				PRODUCT_NAME = "$(TARGET_NAME)";
				WRAPPER_EXTENSION = app;
			};
			name = Debug;
		};
		4B0CE8E5158DC6D1001BA10E /* Release */ = {
			isa = XCBuildConfiguration;
			buildSettings = {
				FRAMEWORK_SEARCH_PATHS = (
					"$(inherited)",
					"\"$(SRCROOT)\"",
				);
				GCC_PRECOMPILE_PREFIX_HEADER = YES;
				GCC_PREFIX_HEADER = "Jenkins Menu/Jenkins Menu-Prefix.pch";
				INFOPLIST_FILE = "Jenkins Menu/Jenkins Menu-Info.plist";
				PRODUCT_NAME = "$(TARGET_NAME)";
				WRAPPER_EXTENSION = app;
			};
			name = Release;
		};
		4B0CE8E7158DC6D1001BA10E /* Debug */ = {
			isa = XCBuildConfiguration;
			buildSettings = {
				FRAMEWORK_SEARCH_PATHS = (
					"$(DEVELOPER_LIBRARY_DIR)/Frameworks",
					"\"$(SRCROOT)/Jenkins MenuTests\"",
					"\"$(SRCROOT)\"",
				);
				GCC_PRECOMPILE_PREFIX_HEADER = YES;
				GCC_PREFIX_HEADER = "Jenkins Menu/Jenkins Menu-Prefix.pch";
				INFOPLIST_FILE = "Jenkins MenuTests/Jenkins MenuTests-Info.plist";
				PRODUCT_NAME = "$(TARGET_NAME)";
				WRAPPER_EXTENSION = octest;
			};
			name = Debug;
		};
		4B0CE8E8158DC6D1001BA10E /* Release */ = {
			isa = XCBuildConfiguration;
			buildSettings = {
				FRAMEWORK_SEARCH_PATHS = (
					"$(DEVELOPER_LIBRARY_DIR)/Frameworks",
					"\"$(SRCROOT)/Jenkins MenuTests\"",
					"\"$(SRCROOT)\"",
				);
				GCC_PRECOMPILE_PREFIX_HEADER = YES;
				GCC_PREFIX_HEADER = "Jenkins Menu/Jenkins Menu-Prefix.pch";
				INFOPLIST_FILE = "Jenkins MenuTests/Jenkins MenuTests-Info.plist";
				PRODUCT_NAME = "$(TARGET_NAME)";
				WRAPPER_EXTENSION = octest;
			};
			name = Release;
		};
/* End XCBuildConfiguration section */

/* Begin XCConfigurationList section */
		4B0CE8AB158DC6D0001BA10E /* Build configuration list for PBXProject "Jenkins Menu" */ = {
			isa = XCConfigurationList;
			buildConfigurations = (
				4B0CE8E1158DC6D1001BA10E /* Debug */,
				4B0CE8E2158DC6D1001BA10E /* Release */,
			);
			defaultConfigurationIsVisible = 0;
			defaultConfigurationName = Release;
		};
		4B0CE8E3158DC6D1001BA10E /* Build configuration list for PBXNativeTarget "Jenkins Menu" */ = {
			isa = XCConfigurationList;
			buildConfigurations = (
				4B0CE8E4158DC6D1001BA10E /* Debug */,
				4B0CE8E5158DC6D1001BA10E /* Release */,
			);
			defaultConfigurationIsVisible = 0;
			defaultConfigurationName = Release;
		};
		4B0CE8E6158DC6D1001BA10E /* Build configuration list for PBXNativeTarget "Jenkins MenuTests" */ = {
			isa = XCConfigurationList;
			buildConfigurations = (
				4B0CE8E7158DC6D1001BA10E /* Debug */,
				4B0CE8E8158DC6D1001BA10E /* Release */,
			);
			defaultConfigurationIsVisible = 0;
			defaultConfigurationName = Release;
		};
/* End XCConfigurationList section */
	};
	rootObject = 4B0CE8A8158DC6D0001BA10E /* Project object */;
}
